
Microsoft Visual Studio Solution File, Format Version 12.00
# Visual Studio 2013
VisualStudioVersion = 12.0.30501.0
MinimumVisualStudioVersion = 10.0.40219.1
Project("{2150E333-8FDC-42A3-9474-1A3956D46DE8}") = "CapaDatos", "CapaDatos", "{CE0F9A12-2D99-4BAB-B2BA-3574D93351FF}"
EndProject
Project("{2150E333-8FDC-42A3-9474-1A3956D46DE8}") = "CapaNegocio", "CapaNegocio", "{EAC22465-127F-4233-8C8A-EA38C17A98C2}"
EndProject
Project("{2150E333-8FDC-42A3-9474-1A3956D46DE8}") = "CapaEntidades", "CapaEntidades", "{D2EE19A7-0CBA-4665-B67B-9F8B86D29A73}"
EndProject
Project("{F184B08F-C81C-45F6-A57F-5ABD9991F28F}") = "Datos", "CapaDatos\Datos\Datos.vbproj", "{B76A270A-8B5A-4C77-AEFB-A461EAAE0FC1}"
EndProject
Project("{F184B08F-C81C-45F6-A57F-5ABD9991F28F}") = "Negocio", "CapaNegocio\Negocio\Negocio.vbproj", "{E3A51CA5-C93F-454F-84A0-BE33E9B1FCE6}"
EndProject
Project("{F184B08F-C81C-45F6-A57F-5ABD9991F28F}") = "Entidades", "CapaEntidades\Entidades\Entidades.vbproj", "{2FE7AA54-CA3A-41A0-A0CC-43F4663C5D13}"
EndProject
Global
	GlobalSection(SolutionConfigurationPlatforms) = preSolution
		Debug|Any CPU = Debug|Any CPU
		Release|Any CPU = Release|Any CPU
	EndGlobalSection
	GlobalSection(ProjectConfigurationPlatforms) = postSolution
		{B76A270A-8B5A-4C77-AEFB-A461EAAE0FC1}.Debug|Any CPU.ActiveCfg = Debug|Any CPU
		{B76A270A-8B5A-4C77-AEFB-A461EAAE0FC1}.Debug|Any CPU.Build.0 = Debug|Any CPU
		{B76A270A-8B5A-4C77-AEFB-A461EAAE0FC1}.Release|Any CPU.ActiveCfg = Release|Any CPU
		{B76A270A-8B5A-4C77-AEFB-A461EAAE0FC1}.Release|Any CPU.Build.0 = Release|Any CPU
		{E3A51CA5-C93F-454F-84A0-BE33E9B1FCE6}.Debug|Any CPU.ActiveCfg = Debug|Any CPU
		{E3A51CA5-C93F-454F-84A0-BE33E9B1FCE6}.Debug|Any CPU.Build.0 = Debug|Any CPU
		{E3A51CA5-C93F-454F-84A0-BE33E9B1FCE6}.Release|Any CPU.ActiveCfg = Release|Any CPU
		{E3A51CA5-C93F-454F-84A0-BE33E9B1FCE6}.Release|Any CPU.Build.0 = Release|Any CPU
		{2FE7AA54-CA3A-41A0-A0CC-43F4663C5D13}.Debug|Any CPU.ActiveCfg = Debug|Any CPU
		{2FE7AA54-CA3A-41A0-A0CC-43F4663C5D13}.Debug|Any CPU.Build.0 = Debug|Any CPU
		{2FE7AA54-CA3A-41A0-A0CC-43F4663C5D13}.Release|Any CPU.ActiveCfg = Release|Any CPU
		{2FE7AA54-CA3A-41A0-A0CC-43F4663C5D13}.Release|Any CPU.Build.0 = Release|Any CPU
	EndGlobalSection
	GlobalSection(SolutionProperties) = preSolution
		HideSolutionNode = FALSE
	EndGlobalSection
	GlobalSection(NestedProjects) = preSolution
		{B76A270A-8B5A-4C77-AEFB-A461EAAE0FC1} = {CE0F9A12-2D99-4BAB-B2BA-3574D93351FF}
		{E3A51CA5-C93F-454F-84A0-BE33E9B1FCE6} = {EAC22465-127F-4233-8C8A-EA38C17A98C2}
		{2FE7AA54-CA3A-41A0-A0CC-43F4663C5D13} = {D2EE19A7-0CBA-4665-B67B-9F8B86D29A73}
	EndGlobalSection
EndGlobal
